// !$*UTF8*$!
{
	archiveVersion = 1;
	classes = {
	};
	objectVersion = 48;
	objects = {

/* Begin PBXBuildFile section */
		07673928200508E600AC025B /* CreateAccountVC.swift in Sources */ = {isa = PBXBuildFile; fileRef = 07673927200508E600AC025B /* CreateAccountVC.swift */; };
		07A90B3E20028AA1006F73CA /* AppDelegate.swift in Sources */ = {isa = PBXBuildFile; fileRef = 07A90B3D20028AA1006F73CA /* AppDelegate.swift */; };
		07A90B4320028AA1006F73CA /* Main.storyboard in Resources */ = {isa = PBXBuildFile; fileRef = 07A90B4120028AA1006F73CA /* Main.storyboard */; };
		07A90B4520028AA1006F73CA /* Assets.xcassets in Resources */ = {isa = PBXBuildFile; fileRef = 07A90B4420028AA1006F73CA /* Assets.xcassets */; };
		07A90B4820028AA1006F73CA /* LaunchScreen.storyboard in Resources */ = {isa = PBXBuildFile; fileRef = 07A90B4620028AA1006F73CA /* LaunchScreen.storyboard */; };
		07A90B542002A034006F73CA /* SWRevealViewController.m in Sources */ = {isa = PBXBuildFile; fileRef = 07A90B532002A034006F73CA /* SWRevealViewController.m */; };
		07A90B592002C7D4006F73CA /* ChatVC.swift in Sources */ = {isa = PBXBuildFile; fileRef = 07A90B582002C7D4006F73CA /* ChatVC.swift */; };
		07A90B5B2002C7E6006F73CA /* ChannelVC.swift in Sources */ = {isa = PBXBuildFile; fileRef = 07A90B5A2002C7E6006F73CA /* ChannelVC.swift */; };
		07B321182004D25500889F65 /* Constants.swift in Sources */ = {isa = PBXBuildFile; fileRef = 07B321172004D25500889F65 /* Constants.swift */; };
		07B3211A2004D61600889F65 /* LoginVC.swift in Sources */ = {isa = PBXBuildFile; fileRef = 07B321192004D61600889F65 /* LoginVC.swift */; };
		07FBF30A2003895100FD74B5 /* GradientView.swift in Sources */ = {isa = PBXBuildFile; fileRef = 07FBF3092003895100FD74B5 /* GradientView.swift */; };
		9D0AB0464213DCC2565403EE /* Pods_Smack.framework in Frameworks */ = {isa = PBXBuildFile; fileRef = 6BC5E9B0258C720E11E0148C /* Pods_Smack.framework */; };
/* End PBXBuildFile section */

/* Begin PBXFileReference section */
		06AAEC92D299C26BDACFAC27 /* Pods-Smack.release.xcconfig */ = {isa = PBXFileReference; includeInIndex = 1; lastKnownFileType = text.xcconfig; name = "Pods-Smack.release.xcconfig"; path = "Pods/Target Support Files/Pods-Smack/Pods-Smack.release.xcconfig"; sourceTree = "<group>"; };
		07673927200508E600AC025B /* CreateAccountVC.swift */ = {isa = PBXFileReference; lastKnownFileType = sourcecode.swift; path = CreateAccountVC.swift; sourceTree = "<group>"; };
		07A90B3A20028AA1006F73CA /* Smack.app */ = {isa = PBXFileReference; explicitFileType = wrapper.application; includeInIndex = 0; path = Smack.app; sourceTree = BUILT_PRODUCTS_DIR; };
		07A90B3D20028AA1006F73CA /* AppDelegate.swift */ = {isa = PBXFileReference; lastKnownFileType = sourcecode.swift; path = AppDelegate.swift; sourceTree = "<group>"; };
		07A90B4220028AA1006F73CA /* Base */ = {isa = PBXFileReference; lastKnownFileType = file.storyboard; name = Base; path = Base.lproj/Main.storyboard; sourceTree = "<group>"; };
		07A90B4420028AA1006F73CA /* Assets.xcassets */ = {isa = PBXFileReference; lastKnownFileType = folder.assetcatalog; path = Assets.xcassets; sourceTree = "<group>"; };
		07A90B4720028AA1006F73CA /* Base */ = {isa = PBXFileReference; lastKnownFileType = file.storyboard; name = Base; path = Base.lproj/LaunchScreen.storyboard; sourceTree = "<group>"; };
		07A90B4920028AA1006F73CA /* Info.plist */ = {isa = PBXFileReference; lastKnownFileType = text.plist.xml; path = Info.plist; sourceTree = "<group>"; };
		07A90B512002A033006F73CA /* Smack-Bridging-Header.h */ = {isa = PBXFileReference; lastKnownFileType = sourcecode.c.h; path = "Smack-Bridging-Header.h"; sourceTree = "<group>"; };
		07A90B522002A034006F73CA /* SWRevealViewController.h */ = {isa = PBXFileReference; fileEncoding = 4; lastKnownFileType = sourcecode.c.h; path = SWRevealViewController.h; sourceTree = "<group>"; };
		07A90B532002A034006F73CA /* SWRevealViewController.m */ = {isa = PBXFileReference; fileEncoding = 4; lastKnownFileType = sourcecode.c.objc; path = SWRevealViewController.m; sourceTree = "<group>"; };
		07A90B582002C7D4006F73CA /* ChatVC.swift */ = {isa = PBXFileReference; lastKnownFileType = sourcecode.swift; path = ChatVC.swift; sourceTree = "<group>"; };
		07A90B5A2002C7E6006F73CA /* ChannelVC.swift */ = {isa = PBXFileReference; lastKnownFileType = sourcecode.swift; path = ChannelVC.swift; sourceTree = "<group>"; };
		07B321172004D25500889F65 /* Constants.swift */ = {isa = PBXFileReference; lastKnownFileType = sourcecode.swift; path = Constants.swift; sourceTree = "<group>"; };
		07B321192004D61600889F65 /* LoginVC.swift */ = {isa = PBXFileReference; lastKnownFileType = sourcecode.swift; path = LoginVC.swift; sourceTree = "<group>"; };
		07FBF3092003895100FD74B5 /* GradientView.swift */ = {isa = PBXFileReference; lastKnownFileType = sourcecode.swift; path = GradientView.swift; sourceTree = "<group>"; };
		6BC5E9B0258C720E11E0148C /* Pods_Smack.framework */ = {isa = PBXFileReference; explicitFileType = wrapper.framework; includeInIndex = 0; path = Pods_Smack.framework; sourceTree = BUILT_PRODUCTS_DIR; };
		6BE10DF61A237E12710FB14C /* Pods-Smack.debug.xcconfig */ = {isa = PBXFileReference; includeInIndex = 1; lastKnownFileType = text.xcconfig; name = "Pods-Smack.debug.xcconfig"; path = "Pods/Target Support Files/Pods-Smack/Pods-Smack.debug.xcconfig"; sourceTree = "<group>"; };
/* End PBXFileReference section */

/* Begin PBXFrameworksBuildPhase section */
		07A90B3720028AA1006F73CA /* Frameworks */ = {
			isa = PBXFrameworksBuildPhase;
			buildActionMask = 2147483647;
			files = (
				9D0AB0464213DCC2565403EE /* Pods_Smack.framework in Frameworks */,
			);
			runOnlyForDeploymentPostprocessing = 0;
		};
/* End PBXFrameworksBuildPhase section */

/* Begin PBXGroup section */
		07A90B3120028AA1006F73CA = {
			isa = PBXGroup;
			children = (
				07A90B3C20028AA1006F73CA /* Smack */,
				07A90B3B20028AA1006F73CA /* Products */,
				E0DD212BDCE822727C6D829F /* Pods */,
				965C914387982957D3A0D6C9 /* Frameworks */,
			);
			sourceTree = "<group>";
		};
		07A90B3B20028AA1006F73CA /* Products */ = {
			isa = PBXGroup;
			children = (
				07A90B3A20028AA1006F73CA /* Smack.app */,
			);
			name = Products;
			sourceTree = "<group>";
		};
		07A90B3C20028AA1006F73CA /* Smack */ = {
			isa = PBXGroup;
			children = (
				07B321162004D23F00889F65 /* Utilites */,
				07A90B562002C79D006F73CA /* Model */,
				07A90B572002C7A4006F73CA /* View */,
				07A90B552002C794006F73CA /* Controller */,
				07A90B5020029FF8006F73CA /* Supporting Files */,
				07A90B3D20028AA1006F73CA /* AppDelegate.swift */,
				07A90B4120028AA1006F73CA /* Main.storyboard */,
				07A90B4420028AA1006F73CA /* Assets.xcassets */,
				07A90B4620028AA1006F73CA /* LaunchScreen.storyboard */,
				07A90B4920028AA1006F73CA /* Info.plist */,
			);
			path = Smack;
			sourceTree = "<group>";
		};
		07A90B5020029FF8006F73CA /* Supporting Files */ = {
			isa = PBXGroup;
			children = (
				07A90B522002A034006F73CA /* SWRevealViewController.h */,
				07A90B532002A034006F73CA /* SWRevealViewController.m */,
				07A90B512002A033006F73CA /* Smack-Bridging-Header.h */,
			);
			path = "Supporting Files";
			sourceTree = "<group>";
		};
		07A90B552002C794006F73CA /* Controller */ = {
			isa = PBXGroup;
			children = (
				07A90B582002C7D4006F73CA /* ChatVC.swift */,
				07A90B5A2002C7E6006F73CA /* ChannelVC.swift */,
				07B321192004D61600889F65 /* LoginVC.swift */,
				07673927200508E600AC025B /* CreateAccountVC.swift */,
			);
			path = Controller;
			sourceTree = "<group>";
		};
		07A90B562002C79D006F73CA /* Model */ = {
			isa = PBXGroup;
			children = (
			);
			path = Model;
			sourceTree = "<group>";
		};
		07A90B572002C7A4006F73CA /* View */ = {
			isa = PBXGroup;
			children = (
				07FBF3092003895100FD74B5 /* GradientView.swift */,
			);
			path = View;
			sourceTree = "<group>";
		};
		07B321162004D23F00889F65 /* Utilites */ = {
			isa = PBXGroup;
			children = (
				07B321172004D25500889F65 /* Constants.swift */,
			);
			path = Utilites;
			sourceTree = "<group>";
		};
		965C914387982957D3A0D6C9 /* Frameworks */ = {
			isa = PBXGroup;
			children = (
				6BC5E9B0258C720E11E0148C /* Pods_Smack.framework */,
			);
			name = Frameworks;
			sourceTree = "<group>";
		};
		E0DD212BDCE822727C6D829F /* Pods */ = {
			isa = PBXGroup;
			children = (
				6BE10DF61A237E12710FB14C /* Pods-Smack.debug.xcconfig */,
				06AAEC92D299C26BDACFAC27 /* Pods-Smack.release.xcconfig */,
			);
			name = Pods;
			sourceTree = "<group>";
		};
/* End PBXGroup section */

/* Begin PBXNativeTarget section */
		07A90B3920028AA1006F73CA /* Smack */ = {
			isa = PBXNativeTarget;
			buildConfigurationList = 07A90B4C20028AA1006F73CA /* Build configuration list for PBXNativeTarget "Smack" */;
			buildPhases = (
				6DDCB08FBCE169B903FB24AE /* [CP] Check Pods Manifest.lock */,
				07A90B3620028AA1006F73CA /* Sources */,
				07A90B3720028AA1006F73CA /* Frameworks */,
				07A90B3820028AA1006F73CA /* Resources */,
				C39293B92F1EECDAC21784A2 /* [CP] Embed Pods Frameworks */,
				DEC98ADEFE554FE5BC97C0E7 /* [CP] Copy Pods Resources */,
			);
			buildRules = (
			);
			dependencies = (
			);
			name = Smack;
			productName = Smack;
			productReference = 07A90B3A20028AA1006F73CA /* Smack.app */;
			productType = "com.apple.product-type.application";
		};
/* End PBXNativeTarget section */

/* Begin PBXProject section */
		07A90B3220028AA1006F73CA /* Project object */ = {
			isa = PBXProject;
			attributes = {
				LastSwiftUpdateCheck = 0920;
				LastUpgradeCheck = 0920;
				ORGANIZATIONNAME = "Daniel Winship";
				TargetAttributes = {
					07A90B3920028AA1006F73CA = {
						CreatedOnToolsVersion = 9.2;
						LastSwiftMigration = 0920;
						ProvisioningStyle = Automatic;
					};
				};
			};
			buildConfigurationList = 07A90B3520028AA1006F73CA /* Build configuration list for PBXProject "Smack" */;
			compatibilityVersion = "Xcode 8.0";
			developmentRegion = en;
			hasScannedForEncodings = 0;
			knownRegions = (
				en,
				Base,
			);
			mainGroup = 07A90B3120028AA1006F73CA;
			productRefGroup = 07A90B3B20028AA1006F73CA /* Products */;
			projectDirPath = "";
			projectRoot = "";
			targets = (
				07A90B3920028AA1006F73CA /* Smack */,
			);
		};
/* End PBXProject section */

/* Begin PBXResourcesBuildPhase section */
		07A90B3820028AA1006F73CA /* Resources */ = {
			isa = PBXResourcesBuildPhase;
			buildActionMask = 2147483647;
			files = (
				07A90B4820028AA1006F73CA /* LaunchScreen.storyboard in Resources */,
				07A90B4520028AA1006F73CA /* Assets.xcassets in Resources */,
				07A90B4320028AA1006F73CA /* Main.storyboard in Resources */,
			);
			runOnlyForDeploymentPostprocessing = 0;
		};
/* End PBXResourcesBuildPhase section */

/* Begin PBXShellScriptBuildPhase section */
		6DDCB08FBCE169B903FB24AE /* [CP] Check Pods Manifest.lock */ = {
			isa = PBXShellScriptBuildPhase;
			buildActionMask = 2147483647;
			files = (
			);
			inputPaths = (
			);
			name = "[CP] Check Pods Manifest.lock";
			outputPaths = (
			);
			runOnlyForDeploymentPostprocessing = 0;
			shellPath = /bin/sh;
			shellScript = "diff \"${PODS_ROOT}/../Podfile.lock\" \"${PODS_ROOT}/Manifest.lock\" > /dev/null\nif [ $? != 0 ] ; then\n    # print error to STDERR\n    echo \"error: The sandbox is not in sync with the Podfile.lock. Run 'pod install' or update your CocoaPods installation.\" >&2\n    exit 1\nfi\n";
			showEnvVarsInLog = 0;
		};
		C39293B92F1EECDAC21784A2 /* [CP] Embed Pods Frameworks */ = {
			isa = PBXShellScriptBuildPhase;
			buildActionMask = 2147483647;
			files = (
			);
			inputPaths = (
			);
			name = "[CP] Embed Pods Frameworks";
			outputPaths = (
			);
			runOnlyForDeploymentPostprocessing = 0;
			shellPath = /bin/sh;
			shellScript = "\"${SRCROOT}/Pods/Target Support Files/Pods-Smack/Pods-Smack-frameworks.sh\"\n";
			showEnvVarsInLog = 0;
		};
		DEC98ADEFE554FE5BC97C0E7 /* [CP] Copy Pods Resources */ = {
			isa = PBXShellScriptBuildPhase;
			buildActionMask = 2147483647;
			files = (
			);
			inputPaths = (
			);
			name = "[CP] Copy Pods Resources";
			outputPaths = (
			);
			runOnlyForDeploymentPostprocessing = 0;
			shellPath = /bin/sh;
			shellScript = "\"${SRCROOT}/Pods/Target Support Files/Pods-Smack/Pods-Smack-resources.sh\"\n";
			showEnvVarsInLog = 0;
		};
/* End PBXShellScriptBuildPhase section */

/* Begin PBXSourcesBuildPhase section */
		07A90B3620028AA1006F73CA /* Sources */ = {
			isa = PBXSourcesBuildPhase;
			buildActionMask = 2147483647;
			files = (
				07A90B5B2002C7E6006F73CA /* ChannelVC.swift in Sources */,
				07A90B592002C7D4006F73CA /* ChatVC.swift in Sources */,
				07673928200508E600AC025B /* CreateAccountVC.swift in Sources */,
				07B3211A2004D61600889F65 /* LoginVC.swift in Sources */,
				07FBF30A2003895100FD74B5 /* GradientView.swift in Sources */,
				07A90B3E20028AA1006F73CA /* AppDelegate.swift in Sources */,
				07A90B542002A034006F73CA /* SWRevealViewController.m in Sources */,
				07B321182004D25500889F65 /* Constants.swift in Sources */,
			);
			runOnlyForDeploymentPostprocessing = 0;
		};
/* End PBXSourcesBuildPhase section */

/* Begin PBXVariantGroup section */
		07A90B4120028AA1006F73CA /* Main.storyboard */ = {
			isa = PBXVariantGroup;
			children = (
				07A90B4220028AA1006F73CA /* Base */,
			);
			name = Main.storyboard;
			sourceTree = "<group>";
		};
		07A90B4620028AA1006F73CA /* LaunchScreen.storyboard */ = {
			isa = PBXVariantGroup;
			children = (
				07A90B4720028AA1006F73CA /* Base */,
			);
			name = LaunchScreen.storyboard;
			sourceTree = "<group>";
		};
/* End PBXVariantGroup section */

/* Begin XCBuildConfiguration section */
		07A90B4A20028AA1006F73CA /* Debug */ = {
			isa = XCBuildConfiguration;
			buildSettings = {
				ALWAYS_SEARCH_USER_PATHS = NO;
				CLANG_ANALYZER_NONNULL = YES;
				CLANG_ANALYZER_NUMBER_OBJECT_CONVERSION = YES_AGGRESSIVE;
				CLANG_CXX_LANGUAGE_STANDARD = "gnu++14";
				CLANG_CXX_LIBRARY = "libc++";
				CLANG_ENABLE_MODULES = YES;
				CLANG_ENABLE_OBJC_ARC = YES;
				CLANG_WARN_BLOCK_CAPTURE_AUTORELEASING = YES;
				CLANG_WARN_BOOL_CONVERSION = YES;
				CLANG_WARN_COMMA = YES;
				CLANG_WARN_CONSTANT_CONVERSION = YES;
				CLANG_WARN_DIRECT_OBJC_ISA_USAGE = YES_ERROR;
				CLANG_WARN_DOCUMENTATION_COMMENTS = YES;
				CLANG_WARN_EMPTY_BODY = YES;
				CLANG_WARN_ENUM_CONVERSION = YES;
				CLANG_WARN_INFINITE_RECURSION = YES;
				CLANG_WARN_INT_CONVERSION = YES;
				CLANG_WARN_NON_LITERAL_NULL_CONVERSION = YES;
				CLANG_WARN_OBJC_LITERAL_CONVERSION = YES;
				CLANG_WARN_OBJC_ROOT_CLASS = YES_ERROR;
				CLANG_WARN_RANGE_LOOP_ANALYSIS = YES;
				CLANG_WARN_STRICT_PROTOTYPES = YES;
				CLANG_WARN_SUSPICIOUS_MOVE = YES;
				CLANG_WARN_UNGUARDED_AVAILABILITY = YES_AGGRESSIVE;
				CLANG_WARN_UNREACHABLE_CODE = YES;
				CLANG_WARN__DUPLICATE_METHOD_MATCH = YES;
				CODE_SIGN_IDENTITY = "iPhone Developer";
				COPY_PHASE_STRIP = NO;
				DEBUG_INFORMATION_FORMAT = dwarf;
				ENABLE_STRICT_OBJC_MSGSEND = YES;
				ENABLE_TESTABILITY = YES;
				GCC_C_LANGUAGE_STANDARD = gnu11;
				GCC_DYNAMIC_NO_PIC = NO;
				GCC_NO_COMMON_BLOCKS = YES;
				GCC_OPTIMIZATION_LEVEL = 0;
				GCC_PREPROCESSOR_DEFINITIONS = (
					"DEBUG=1",
					"$(inherited)",
				);
				GCC_WARN_64_TO_32_BIT_CONVERSION = YES;
				GCC_WARN_ABOUT_RETURN_TYPE = YES_ERROR;
				GCC_WARN_UNDECLARED_SELECTOR = YES;
				GCC_WARN_UNINITIALIZED_AUTOS = YES_AGGRESSIVE;
				GCC_WARN_UNUSED_FUNCTION = YES;
				GCC_WARN_UNUSED_VARIABLE = YES;
				IPHONEOS_DEPLOYMENT_TARGET = 11.2;
				MTL_ENABLE_DEBUG_INFO = YES;
				ONLY_ACTIVE_ARCH = YES;
				SDKROOT = iphoneos;
				SWIFT_ACTIVE_COMPILATION_CONDITIONS = DEBUG;
				SWIFT_OPTIMIZATION_LEVEL = "-Onone";
			};
			name = Debug;
		};
		07A90B4B20028AA1006F73CA /* Release */ = {
			isa = XCBuildConfiguration;
			buildSettings = {
				ALWAYS_SEARCH_USER_PATHS = NO;
				CLANG_ANALYZER_NONNULL = YES;
				CLANG_ANALYZER_NUMBER_OBJECT_CONVERSION = YES_AGGRESSIVE;
				CLANG_CXX_LANGUAGE_STANDARD = "gnu++14";
				CLANG_CXX_LIBRARY = "libc++";
				CLANG_ENABLE_MODULES = YES;
				CLANG_ENABLE_OBJC_ARC = YES;
				CLANG_WARN_BLOCK_CAPTURE_AUTORELEASING = YES;
				CLANG_WARN_BOOL_CONVERSION = YES;
				CLANG_WARN_COMMA = YES;
				CLANG_WARN_CONSTANT_CONVERSION = YES;
				CLANG_WARN_DIRECT_OBJC_ISA_USAGE = YES_ERROR;
				CLANG_WARN_DOCUMENTATION_COMMENTS = YES;
				CLANG_WARN_EMPTY_BODY = YES;
				CLANG_WARN_ENUM_CONVERSION = YES;
				CLANG_WARN_INFINITE_RECURSION = YES;
				CLANG_WARN_INT_CONVERSION = YES;
				CLANG_WARN_NON_LITERAL_NULL_CONVERSION = YES;
				CLANG_WARN_OBJC_LITERAL_CONVERSION = YES;
				CLANG_WARN_OBJC_ROOT_CLASS = YES_ERROR;
				CLANG_WARN_RANGE_LOOP_ANALYSIS = YES;
				CLANG_WARN_STRICT_PROTOTYPES = YES;
				CLANG_WARN_SUSPICIOUS_MOVE = YES;
				CLANG_WARN_UNGUARDED_AVAILABILITY = YES_AGGRESSIVE;
				CLANG_WARN_UNREACHABLE_CODE = YES;
				CLANG_WARN__DUPLICATE_METHOD_MATCH = YES;
				CODE_SIGN_IDENTITY = "iPhone Developer";
				COPY_PHASE_STRIP = NO;
				DEBUG_INFORMATION_FORMAT = "dwarf-with-dsym";
				ENABLE_NS_ASSERTIONS = NO;
				ENABLE_STRICT_OBJC_MSGSEND = YES;
				GCC_C_LANGUAGE_STANDARD = gnu11;
				GCC_NO_COMMON_BLOCKS = YES;
				GCC_WARN_64_TO_32_BIT_CONVERSION = YES;
				GCC_WARN_ABOUT_RETURN_TYPE = YES_ERROR;
				GCC_WARN_UNDECLARED_SELECTOR = YES;
				GCC_WARN_UNINITIALIZED_AUTOS = YES_AGGRESSIVE;
				GCC_WARN_UNUSED_FUNCTION = YES;
				GCC_WARN_UNUSED_VARIABLE = YES;
				IPHONEOS_DEPLOYMENT_TARGET = 11.2;
				MTL_ENABLE_DEBUG_INFO = NO;
				SDKROOT = iphoneos;
				SWIFT_OPTIMIZATION_LEVEL = "-Owholemodule";
				VALIDATE_PRODUCT = YES;
			};
			name = Release;
		};
		07A90B4D20028AA1006F73CA /* Debug */ = {
			isa = XCBuildConfiguration;
			baseConfigurationReference = 6BE10DF61A237E12710FB14C /* Pods-Smack.debug.xcconfig */;
			buildSettings = {
				ASSETCATALOG_COMPILER_APPICON_NAME = AppIcon;
				CLANG_ENABLE_MODULES = YES;
				CODE_SIGN_STYLE = Automatic;
				DEVELOPMENT_TEAM = N95H2TM65M;
				INFOPLIST_FILE = Smack/Info.plist;
				LD_RUNPATH_SEARCH_PATHS = "$(inherited) @executable_path/Frameworks";
				PRODUCT_BUNDLE_IDENTIFIER = com.danielwinship.Smack;
				PRODUCT_NAME = "$(TARGET_NAME)";
				SWIFT_OBJC_BRIDGING_HEADER = "Smack/Supporting Files/Smack-Bridging-Header.h";
				SWIFT_OPTIMIZATION_LEVEL = "-Onone";
				SWIFT_VERSION = 4.0;
				TARGETED_DEVICE_FAMILY = "1,2";
			};
			name = Debug;
		};
		07A90B4E20028AA1006F73CA /* Release */ = {
			isa = XCBuildConfiguration;
			baseConfigurationReference = 06AAEC92D299C26BDACFAC27 /* Pods-Smack.release.xcconfig */;
			buildSettings = {
				ASSETCATALOG_COMPILER_APPICON_NAME = AppIcon;
				CLANG_ENABLE_MODULES = YES;
				CODE_SIGN_STYLE = Automatic;
				DEVELOPMENT_TEAM = N95H2TM65M;
				INFOPLIST_FILE = Smack/Info.plist;
				LD_RUNPATH_SEARCH_PATHS = "$(inherited) @executable_path/Frameworks";
				PRODUCT_BUNDLE_IDENTIFIER = com.danielwinship.Smack;
				PRODUCT_NAME = "$(TARGET_NAME)";
				SWIFT_OBJC_BRIDGING_HEADER = "Smack/Supporting Files/Smack-Bridging-Header.h";
				SWIFT_VERSION = 4.0;
				TARGETED_DEVICE_FAMILY = "1,2";
			};
			name = Release;
		};
/* End XCBuildConfiguration section */

/* Begin XCConfigurationList section */
		07A90B3520028AA1006F73CA /* Build configuration list for PBXProject "Smack" */ = {
			isa = XCConfigurationList;
			buildConfigurations = (
				07A90B4A20028AA1006F73CA /* Debug */,
				07A90B4B20028AA1006F73CA /* Release */,
			);
			defaultConfigurationIsVisible = 0;
			defaultConfigurationName = Release;
		};
		07A90B4C20028AA1006F73CA /* Build configuration list for PBXNativeTarget "Smack" */ = {
			isa = XCConfigurationList;
			buildConfigurations = (
				07A90B4D20028AA1006F73CA /* Debug */,
				07A90B4E20028AA1006F73CA /* Release */,
			);
			defaultConfigurationIsVisible = 0;
			defaultConfigurationName = Release;
		};
/* End XCConfigurationList section */
	};
	rootObject = 07A90B3220028AA1006F73CA /* Project object */;
}
